
Microsoft Visual Studio Solution File, Format Version 12.00
# Visual Studio Version 16
VisualStudioVersion = 16.0.34114.132
MinimumVisualStudioVersion = 10.0.40219.1
Project("{FAE04EC0-301F-11D3-BF4B-00C04F79EFBC}") = "ASPNETRestaurantWeb", "ASPNETRestaurantWeb\ASPNETRestaurantWeb.csproj", "{C0462425-3842-44AE-AAAA-B4C0B8C1AF45}"
EndProject
Global
	GlobalSection(SolutionConfigurationPlatforms) = preSolution
		Debug|Any CPU = Debug|Any CPU
		Release|Any CPU = Release|Any CPU
	EndGlobalSection
	GlobalSection(ProjectConfigurationPlatforms) = postSolution
		{C0462425-3842-44AE-AAAA-B4C0B8C1AF45}.Debug|Any CPU.ActiveCfg = Debug|Any CPU
		{C0462425-3842-44AE-AAAA-B4C0B8C1AF45}.Debug|Any CPU.Build.0 = Debug|Any CPU
		{C0462425-3842-44AE-AAAA-B4C0B8C1AF45}.Release|Any CPU.ActiveCfg = Release|Any CPU
		{C0462425-3842-44AE-AAAA-B4C0B8C1AF45}.Release|Any CPU.Build.0 = Release|Any CPU
	EndGlobalSection
	GlobalSection(SolutionProperties) = preSolution
		HideSolutionNode = FALSE
	EndGlobalSection
	GlobalSection(ExtensibilityGlobals) = postSolution
		SolutionGuid = {3D7E45A7-8743-435C-98EA-C05F317E3A1E}
	EndGlobalSection
EndGlobal
